
Microsoft Visual Studio Solution File, Format Version 12.00
# Visual Studio 15
Project("{FAE04EC0-301F-11D3-BF4B-00C04F79EFBC}") = "RandomT", "RandomT.csproj", "{A016041B-FA0D-4F2E-B3F4-EF39A43E1426}"
EndProject
Global
	GlobalSection(SolutionConfigurationPlatforms) = preSolution
		Debug|Any CPU = Debug|Any CPU
		Release|Any CPU = Release|Any CPU
	EndGlobalSection
	GlobalSection(ProjectConfigurationPlatforms) = postSolution
		{A016041B-FA0D-4F2E-B3F4-EF39A43E1426}.Debug|Any CPU.ActiveCfg = Debug|Any CPU
		{A016041B-FA0D-4F2E-B3F4-EF39A43E1426}.Debug|Any CPU.Build.0 = Debug|Any CPU
		{A016041B-FA0D-4F2E-B3F4-EF39A43E1426}.Release|Any CPU.ActiveCfg = Release|Any CPU
		{A016041B-FA0D-4F2E-B3F4-EF39A43E1426}.Release|Any CPU.Build.0 = Release|Any CPU
	EndGlobalSection
EndGlobal
