
Microsoft Visual Studio Solution File, Format Version 12.00
# Visual Studio 15
VisualStudioVersion = 15.0.28307.645
MinimumVisualStudioVersion = 10.0.40219.1
Project("{FAE04EC0-301F-11D3-BF4B-00C04F79EFBC}") = "linqwithXML", "linqwithXML\linqwithXML.csproj", "{1D028861-F1DF-4547-AE87-B7350BE645EE}"
EndProject
Global
	GlobalSection(SolutionConfigurationPlatforms) = preSolution
		Debug|Any CPU = Debug|Any CPU
		Release|Any CPU = Release|Any CPU
	EndGlobalSection
	GlobalSection(ProjectConfigurationPlatforms) = postSolution
		{1D028861-F1DF-4547-AE87-B7350BE645EE}.Debug|Any CPU.ActiveCfg = Debug|Any CPU
		{1D028861-F1DF-4547-AE87-B7350BE645EE}.Debug|Any CPU.Build.0 = Debug|Any CPU
		{1D028861-F1DF-4547-AE87-B7350BE645EE}.Release|Any CPU.ActiveCfg = Release|Any CPU
		{1D028861-F1DF-4547-AE87-B7350BE645EE}.Release|Any CPU.Build.0 = Release|Any CPU
	EndGlobalSection
	GlobalSection(SolutionProperties) = preSolution
		HideSolutionNode = FALSE
	EndGlobalSection
	GlobalSection(ExtensibilityGlobals) = postSolution
		SolutionGuid = {1F28C8CC-9F6D-4BC9-8161-E8F56B3E5722}
	EndGlobalSection
EndGlobal
